lockfileVersion: '6.0'

settings:
  autoInstallPeers: true
  excludeLinksFromLockfile: false

dependencies:
  '@unocss/autocomplete':
    specifier: ^0.58.7
    version: 0.58.7
  '@unocss/config':
    specifier: ^0.58.7
    version: 0.58.7
  '@unocss/core':
    specifier: ^0.58.7
    version: 0.58.7
  '@unocss/preset-uno':
    specifier: ^0.58.7
    version: 0.58.7
  unconfig:
    specifier: ^0.3.11
    version: 0.3.11
  vscode-languageserver:
    specifier: ^9.0.1
    version: 9.0.1
  vscode-languageserver-textdocument:
    specifier: ^1.0.4
    version: 1.0.11

devDependencies:
  '@types/node':
    specifier: ^20.11.30
    version: 20.11.30
  typescript:
    specifier: ^5.4.3
    version: 5.4.3

packages:

  /@antfu/utils@0.7.7:
    resolution: {integrity: sha512-gFPqTG7otEJ8uP6wrhDv6mqwGWYZKNvAcCq6u9hOj0c+IKCEsY4L1oC9trPq2SaWIzAfHvqfBDxF591JkMf+kg==}
    dev: false

  /@jridgewell/sourcemap-codec@1.4.15:
    resolution: {integrity: sha512-eF2rxCRulEKXHTRiDrDy6erMYWqNw4LPdQ8UQA4huuxaQsVeRPFl2oM8oDGxMFhJUWZf9McpLtJasDDZb/Bpeg==}
    dev: false

  /@types/node@20.11.30:
    resolution: {integrity: sha512-dHM6ZxwlmuZaRmUPfv1p+KrdD1Dci04FbdEm/9wEMouFqxYoFl5aMkt0VMAUtYRQDyYvD41WJLukhq/ha3YuTw==}
    dependencies:
      undici-types: 5.26.5
    dev: true

  /@unocss/autocomplete@0.58.7:
    resolution: {integrity: sha512-nlrqN5dSmtJGU9p3TP0OVCNulKic7JHMb7Qg0XTDPAL8Ij/cWWgVpMpc3W5kXzezgIEOxfuUysFgQ1Hyfi8P+g==}
    dependencies:
      fzf: 0.5.2
      lru-cache: 10.2.0
    dev: false

  /@unocss/config@0.58.7:
    resolution: {integrity: sha512-ZMSFWJI8DfE/4HiIU+hkTSKUtEkennRn+raej5HCGTfy5xpdYCm9Zdrw/cYqkN2LPHM8o076Z2sD6H4MV5HrvA==}
    engines: {node: '>=14'}
    dependencies:
      '@unocss/core': 0.58.7
      unconfig: 0.3.11
    dev: false

  /@unocss/core@0.58.7:
    resolution: {integrity: sha512-Df5ytibV0MB7kWLggzLHsJUj08Of2oqXmPg7QjRUghMvCT3dl2LUIZXiztYPMH0F4x0cPebNoa/pavNt8xz9eQ==}
    dev: false

  /@unocss/extractor-arbitrary-variants@0.58.7:
    resolution: {integrity: sha512-wEuilON0u/e1milNp1UBWGps3Hdtm9qBfmc2YmsHN8KhpTSSCluzbrLSYfF++tU5iWmVWR2514Lc2waVDhuiwg==}
    dependencies:
      '@unocss/core': 0.58.7
    dev: false

  /@unocss/preset-mini@0.58.7:
    resolution: {integrity: sha512-ktfrMlOtnks9j1r1ZJFzPcmCbWRjOfXh7UwoGYhH7c3Fi9Zbn1HI9+wblroEBstvbGUZGyaH5Ht+0rCmRrg5HQ==}
    dependencies:
      '@unocss/core': 0.58.7
      '@unocss/extractor-arbitrary-variants': 0.58.7
      '@unocss/rule-utils': 0.58.7
    dev: false

  /@unocss/preset-uno@0.58.7:
    resolution: {integrity: sha512-oirPRtIailoewLvim/VjcxHZrBotRzBNaFZFMD1GLwScAYrzS8DWJ3pozNn7+s2E80ZUBfgekRTgvUKAFMPSCw==}
    dependencies:
      '@unocss/core': 0.58.7
      '@unocss/preset-mini': 0.58.7
      '@unocss/preset-wind': 0.58.7
      '@unocss/rule-utils': 0.58.7
    dev: false

  /@unocss/preset-wind@0.58.7:
    resolution: {integrity: sha512-rELMKcd/cwMnw6fPf/dmg63u41fRXJoXDO5rlO/+Fa8DF4/r8KJTUbjJbZfcOnh3n8jHz3NUz+QigdRBuDTEuw==}
    dependencies:
      '@unocss/core': 0.58.7
      '@unocss/preset-mini': 0.58.7
      '@unocss/rule-utils': 0.58.7
    dev: false

  /@unocss/rule-utils@0.58.7:
    resolution: {integrity: sha512-SbMwAUSgx5v4TXy+MXiWbqzoMjVHSeMaJpJOruU9PmtrOuZmqeajffMtI6pLtGlgrEL76frLRyMmSErxhyNelw==}
    engines: {node: '>=14'}
    dependencies:
      '@unocss/core': 0.58.7
      magic-string: 0.30.8
    dev: false

  /acorn@8.11.3:
    resolution: {integrity: sha512-Y9rRfJG5jcKOE0CLisYbojUjIrIEE7AGMzA/Sm4BslANhbS+cDMpgBdcPT91oJ7OuJ9hYJBx59RjbhxVnrF8Xg==}
    engines: {node: '>=0.4.0'}
    hasBin: true
    dev: false

  /defu@6.1.4:
    resolution: {integrity: sha512-mEQCMmwJu317oSz8CwdIOdwf3xMif1ttiM8LTufzc3g6kR+9Pe236twL8j3IYT1F7GfRgGcW6MWxzZjLIkuHIg==}
    dev: false

  /fzf@0.5.2:
    resolution: {integrity: sha512-Tt4kuxLXFKHy8KT40zwsUPUkg1CrsgY25FxA2U/j/0WgEDCk3ddc/zLTCCcbSHX9FcKtLuVaDGtGE/STWC+j3Q==}
    dev: false

  /jiti@1.21.0:
    resolution: {integrity: sha512-gFqAIbuKyyso/3G2qhiO2OM6shY6EPP/R0+mkDbyspxKazh8BXDC5FiFsUjlczgdNz/vfra0da2y+aHrusLG/Q==}
    hasBin: true
    dev: false

  /jsonc-parser@3.2.1:
    resolution: {integrity: sha512-AilxAyFOAcK5wA1+LeaySVBrHsGQvUFCDWXKpZjzaL0PqW+xfBOttn8GNtWKFWqneyMZj41MWF9Kl6iPWLwgOA==}
    dev: false

  /lru-cache@10.2.0:
    resolution: {integrity: sha512-2bIM8x+VAf6JT4bKAljS1qUWgMsqZRPGJS6FSahIMPVvctcNhyVp7AJu7quxOW9jwkryBReKZY5tY5JYv2n/7Q==}
    engines: {node: 14 || >=16.14}
    dev: false

  /magic-string@0.30.8:
    resolution: {integrity: sha512-ISQTe55T2ao7XtlAStud6qwYPZjE4GK1S/BeVPus4jrq6JuOnQ00YKQC581RWhR122W7msZV263KzVeLoqidyQ==}
    engines: {node: '>=12'}
    dependencies:
      '@jridgewell/sourcemap-codec': 1.4.15
    dev: false

  /mlly@1.6.1:
    resolution: {integrity: sha512-vLgaHvaeunuOXHSmEbZ9izxPx3USsk8KCQ8iC+aTlp5sKRSoZvwhHh5L9VbKSaVC6sJDqbyohIS76E2VmHIPAA==}
    dependencies:
      acorn: 8.11.3
      pathe: 1.1.2
      pkg-types: 1.0.3
      ufo: 1.5.3
    dev: false

  /pathe@1.1.2:
    resolution: {integrity: sha512-whLdWMYL2TwI08hn8/ZqAbrVemu0LNaNNJZX73O6qaIdCTfXutsLhMkjdENX0qhsQ9uIimo4/aQOmXkoon2nDQ==}
    dev: false

  /pkg-types@1.0.3:
    resolution: {integrity: sha512-nN7pYi0AQqJnoLPC9eHFQ8AcyaixBUOwvqc5TDnIKCMEE6I0y8P7OKA7fPexsXGCGxQDl/cmrLAp26LhcwxZ4A==}
    dependencies:
      jsonc-parser: 3.2.1
      mlly: 1.6.1
      pathe: 1.1.2
    dev: false

  /typescript@5.4.3:
    resolution: {integrity: sha512-KrPd3PKaCLr78MalgiwJnA25Nm8HAmdwN3mYUYZgG/wizIo9EainNVQI9/yDavtVFRN2h3k8uf3GLHuhDMgEHg==}
    engines: {node: '>=14.17'}
    hasBin: true
    dev: true

  /ufo@1.5.3:
    resolution: {integrity: sha512-Y7HYmWaFwPUmkoQCUIAYpKqkOf+SbVj/2fJJZ4RJMCfZp0rTGwRbzQD+HghfnhKOjL9E01okqz+ncJskGYfBNw==}
    dev: false

  /unconfig@0.3.11:
    resolution: {integrity: sha512-bV/nqePAKv71v3HdVUn6UefbsDKQWRX+bJIkiSm0+twIds6WiD2bJLWWT3i214+J/B4edufZpG2w7Y63Vbwxow==}
    dependencies:
      '@antfu/utils': 0.7.7
      defu: 6.1.4
      jiti: 1.21.0
      mlly: 1.6.1
    dev: false

  /undici-types@5.26.5:
    resolution: {integrity: sha512-JlCMO+ehdEIKqlFxk6IfVoAUVmgz7cU7zD/h9XZ0qzeosSHmUJVOzSQvvYSYWXkFXC+IfLKSIffhv0sVZup6pA==}
    dev: true

  /vscode-jsonrpc@8.2.0:
    resolution: {integrity: sha512-C+r0eKJUIfiDIfwJhria30+TYWPtuHJXHtI7J0YlOmKAo7ogxP20T0zxB7HZQIFhIyvoBPwWskjxrvAtfjyZfA==}
    engines: {node: '>=14.0.0'}
    dev: false

  /vscode-languageserver-protocol@3.17.5:
    resolution: {integrity: sha512-mb1bvRJN8SVznADSGWM9u/b07H7Ecg0I3OgXDuLdn307rl/J3A9YD6/eYOssqhecL27hK1IPZAsaqh00i/Jljg==}
    dependencies:
      vscode-jsonrpc: 8.2.0
      vscode-languageserver-types: 3.17.5
    dev: false

  /vscode-languageserver-textdocument@1.0.11:
    resolution: {integrity: sha512-X+8T3GoiwTVlJbicx/sIAF+yuJAqz8VvwJyoMVhwEMoEKE/fkDmrqUgDMyBECcM2A2frVZIUj5HI/ErRXCfOeA==}
    dev: false

  /vscode-languageserver-types@3.17.5:
    resolution: {integrity: sha512-Ld1VelNuX9pdF39h2Hgaeb5hEZM2Z3jUrrMgWQAu82jMtZp7p3vJT3BzToKtZI7NgQssZje5o0zryOrhQvzQAg==}
    dev: false

  /vscode-languageserver@9.0.1:
    resolution: {integrity: sha512-woByF3PDpkHFUreUa7Hos7+pUWdeWMXRd26+ZX2A8cFx6v/JPTtd4/uN0/jB6XQHYaOlHbio03NTHCqrgG5n7g==}
    hasBin: true
    dependencies:
      vscode-languageserver-protocol: 3.17.5
    dev: false
